{
  "lockfile-version": 1,
  "manifest": {
    "version": 1,
    "install": {
      "just": {
        "pkg-path": "just"
      },
      "rustup": {
        "pkg-path": "rustup"
      }
    },
    "hook": {},
    "profile": {},
    "options": {
      "systems": [
        "aarch64-darwin",
        "aarch64-linux",
        "x86_64-darwin",
        "x86_64-linux"
      ],
      "allow": {
        "licenses": []
      },
      "semver": {}
    }
  },
  "packages": [
    {
      "attr_path": "just",
      "broken": false,
      "derivation": "/nix/store/c5bvqgqhixvj95ac2ggvrifs5wj96ymf-just-1.37.0.drv",
      "description": "Handy way to save and run project-specific commands",
      "install_id": "just",
      "license": "CC0-1.0",
      "locked_url": "https://github.com/flox/nixpkgs?rev=d0797a04b81caeae77bcff10a9dde78bc17f5661",
      "name": "just-1.37.0",
      "pname": "just",
      "rev": "d0797a04b81caeae77bcff10a9dde78bc17f5661",
      "rev_count": 717074,
      "rev_date": "2024-12-05T09:53:19Z",
      "scrape_date": "2024-12-07T04:05:05Z",
      "stabilities": [
        "unstable"
      ],
      "unfree": false,
      "version": "1.37.0",
      "outputs_to_install": [
        "out",
        "man"
      ],
      "outputs": {
        "doc": "/nix/store/7dbbrwdr2wpigc8dabivb3bqwgzn8prs-just-1.37.0-doc",
        "man": "/nix/store/fa599s0sahii8cdympq14jm0djjcpqjf-just-1.37.0-man",
        "out": "/nix/store/9xwbpjyw0sswxix1q2d1ij1dr75ywsnc-just-1.37.0"
      },
      "system": "aarch64-darwin",
      "group": "toplevel",
      "priority": 5
    },
    {
      "attr_path": "just",
      "broken": false,
      "derivation": "/nix/store/acpgks8v1306hdpa4bky1vd6y8djwcdj-just-1.37.0.drv",
      "description": "Handy way to save and run project-specific commands",
      "install_id": "just",
      "license": "CC0-1.0",
      "locked_url": "https://github.com/flox/nixpkgs?rev=d0797a04b81caeae77bcff10a9dde78bc17f5661",
      "name": "just-1.37.0",
      "pname": "just",
      "rev": "d0797a04b81caeae77bcff10a9dde78bc17f5661",
      "rev_count": 717074,
      "rev_date": "2024-12-05T09:53:19Z",
      "scrape_date": "2024-12-07T04:05:05Z",
      "stabilities": [
        "unstable"
      ],
      "unfree": false,
      "version": "1.37.0",
      "outputs_to_install": [
        "out",
        "man"
      ],
      "outputs": {
        "doc": "/nix/store/ai2m3xk2an2yd59nl7rdm56jgh7pzbw2-just-1.37.0-doc",
        "man": "/nix/store/55gqwvz5dbhl5yl0gfbi7qjw47amma6m-just-1.37.0-man",
        "out": "/nix/store/aga5ppdmkx7q8cwm9hxf71xr822h4qd2-just-1.37.0"
      },
      "system": "aarch64-linux",
      "group": "toplevel",
      "priority": 5
    },
    {
      "attr_path": "just",
      "broken": false,
      "derivation": "/nix/store/bhsqjxhchazxlnfhj5qarxcmicdzrqna-just-1.37.0.drv",
      "description": "Handy way to save and run project-specific commands",
      "install_id": "just",
      "license": "CC0-1.0",
      "locked_url": "https://github.com/flox/nixpkgs?rev=d0797a04b81caeae77bcff10a9dde78bc17f5661",
      "name": "just-1.37.0",
      "pname": "just",
      "rev": "d0797a04b81caeae77bcff10a9dde78bc17f5661",
      "rev_count": 717074,
      "rev_date": "2024-12-05T09:53:19Z",
      "scrape_date": "2024-12-07T04:05:05Z",
      "stabilities": [
        "unstable"
      ],
      "unfree": false,
      "version": "1.37.0",
      "outputs_to_install": [
        "out",
        "man"
      ],
      "outputs": {
        "doc": "/nix/store/gqmnij49gpmqbiwz9x78wbjsa1ikkvg9-just-1.37.0-doc",
        "man": "/nix/store/fsykygw9ap2g525xgqpih26xzzq34alj-just-1.37.0-man",
        "out": "/nix/store/73p8z6hv19xj160lfip5km0k0sbjfj9b-just-1.37.0"
      },
      "system": "x86_64-darwin",
      "group": "toplevel",
      "priority": 5
    },
    {
      "attr_path": "just",
      "broken": false,
      "derivation": "/nix/store/14lfqidxhif56c1498csbqbw6mii135s-just-1.37.0.drv",
      "description": "Handy way to save and run project-specific commands",
      "install_id": "just",
      "license": "CC0-1.0",
      "locked_url": "https://github.com/flox/nixpkgs?rev=d0797a04b81caeae77bcff10a9dde78bc17f5661",
      "name": "just-1.37.0",
      "pname": "just",
      "rev": "d0797a04b81caeae77bcff10a9dde78bc17f5661",
      "rev_count": 717074,
      "rev_date": "2024-12-05T09:53:19Z",
      "scrape_date": "2024-12-07T04:05:05Z",
      "stabilities": [
        "unstable"
      ],
      "unfree": false,
      "version": "1.37.0",
      "outputs_to_install": [
        "out",
        "man"
      ],
      "outputs": {
        "doc": "/nix/store/72rhv7mjhnkqygb6a4hv837fg4nryh0g-just-1.37.0-doc",
        "man": "/nix/store/fy8r5i2pbsmhggzdw3i50nx0vgjs6xhq-just-1.37.0-man",
        "out": "/nix/store/z4add84spclcqz1bshjfx3j6qnrcfhx1-just-1.37.0"
      },
      "system": "x86_64-linux",
      "group": "toplevel",
      "priority": 5
    },
    {
      "attr_path": "rustup",
      "broken": false,
      "derivation": "/nix/store/qsdnli6ir3kcavk741hhnkj8cbcyr2a8-rustup-1.27.1.drv",
      "description": "Rust toolchain installer",
      "install_id": "rustup",
      "license": "[ Apache-2.0, MIT ]",
      "locked_url": "https://github.com/flox/nixpkgs?rev=d0797a04b81caeae77bcff10a9dde78bc17f5661",
      "name": "rustup-1.27.1",
      "pname": "rustup",
      "rev": "d0797a04b81caeae77bcff10a9dde78bc17f5661",
      "rev_count": 717074,
      "rev_date": "2024-12-05T09:53:19Z",
      "scrape_date": "2024-12-07T04:05:05Z",
      "stabilities": [
        "unstable"
      ],
      "unfree": false,
      "version": "1.27.1",
      "outputs_to_install": [
        "out"
      ],
      "outputs": {
        "out": "/nix/store/arw1skmysnbjcimi6k6vw9ja8m6a3385-rustup-1.27.1"
      },
      "system": "aarch64-darwin",
      "group": "toplevel",
      "priority": 5
    },
    {
      "attr_path": "rustup",
      "broken": false,
      "derivation": "/nix/store/5rhjasbbzqbn27gp544pxyff5h0gqgfb-rustup-1.27.1.drv",
      "description": "Rust toolchain installer",
      "install_id": "rustup",
      "license": "[ Apache-2.0, MIT ]",
      "locked_url": "https://github.com/flox/nixpkgs?rev=d0797a04b81caeae77bcff10a9dde78bc17f5661",
      "name": "rustup-1.27.1",
      "pname": "rustup",
      "rev": "d0797a04b81caeae77bcff10a9dde78bc17f5661",
      "rev_count": 717074,
      "rev_date": "2024-12-05T09:53:19Z",
      "scrape_date": "2024-12-07T04:05:05Z",
      "stabilities": [
        "unstable"
      ],
      "unfree": false,
      "version": "1.27.1",
      "outputs_to_install": [
        "out"
      ],
      "outputs": {
        "out": "/nix/store/1r13g0cghvdpixls3iknid215hdba0v7-rustup-1.27.1"
      },
      "system": "aarch64-linux",
      "group": "toplevel",
      "priority": 5
    },
    {
      "attr_path": "rustup",
      "broken": false,
      "derivation": "/nix/store/dnp24q4vdizqghvv17nprhvxiwg0mldi-rustup-1.27.1.drv",
      "description": "Rust toolchain installer",
      "install_id": "rustup",
      "license": "[ Apache-2.0, MIT ]",
      "locked_url": "https://github.com/flox/nixpkgs?rev=d0797a04b81caeae77bcff10a9dde78bc17f5661",
      "name": "rustup-1.27.1",
      "pname": "rustup",
      "rev": "d0797a04b81caeae77bcff10a9dde78bc17f5661",
      "rev_count": 717074,
      "rev_date": "2024-12-05T09:53:19Z",
      "scrape_date": "2024-12-07T04:05:05Z",
      "stabilities": [
        "unstable"
      ],
      "unfree": false,
      "version": "1.27.1",
      "outputs_to_install": [
        "out"
      ],
      "outputs": {
        "out": "/nix/store/4gqa2pkw40wv3vvg0l6knjc27dhlxwal-rustup-1.27.1"
      },
      "system": "x86_64-darwin",
      "group": "toplevel",
      "priority": 5
    },
    {
      "attr_path": "rustup",
      "broken": false,
      "derivation": "/nix/store/6ph479nnp3xq5sf75rj3wm53zmbgz4cy-rustup-1.27.1.drv",
      "description": "Rust toolchain installer",
      "install_id": "rustup",
      "license": "[ Apache-2.0, MIT ]",
      "locked_url": "https://github.com/flox/nixpkgs?rev=d0797a04b81caeae77bcff10a9dde78bc17f5661",
      "name": "rustup-1.27.1",
      "pname": "rustup",
      "rev": "d0797a04b81caeae77bcff10a9dde78bc17f5661",
      "rev_count": 717074,
      "rev_date": "2024-12-05T09:53:19Z",
      "scrape_date": "2024-12-07T04:05:05Z",
      "stabilities": [
        "unstable"
      ],
      "unfree": false,
      "version": "1.27.1",
      "outputs_to_install": [
        "out"
      ],
      "outputs": {
        "out": "/nix/store/61cl3xwz7y6msh50j9793lgyqjl95qc2-rustup-1.27.1"
      },
      "system": "x86_64-linux",
      "group": "toplevel",
      "priority": 5
    }
  ]
}